# Generated by `tuvl lock`. Commit it; do not edit. `tuvl lock --check` verifies it.
lock: 1
tuvl: 1.0.1
models:
  default: gemini/gemini-3.1-flash-lite
decision_models: {}
artifacts:
  artifact://investigation-policy@2:
    version: 2
    sha256: 4ac5c26e8a0d9d6cceea9f7914fe4575419c1898ed3f800b0b792f47ddc02ac5
  artifact://red-flags@1:
    version: 1
    sha256: ca6c4256065d7166500dd285c157cb5357bd9bfd72692cf2c98e43cec248e412
  artifact://supervisor-judge@1:
    version: 1
    sha256: c2706078b2b52efb368ee4846b339b412da3db013954a4dcc52101763896c886
judges:
  artifact://supervisor-judge@1:
    model: gemini/gemini-3.1-flash-lite
mcp: {}
