# Generated by `tuvl lock`. Commit it; do not edit. `tuvl lock --check` verifies it.
lock: 1
tuvl: 1.0.1
models:
  default: gemini/gemini-3.1-flash-lite
decision_models: {}
artifacts:
  artifact://citation-style@1:
    version: 1
    sha256: 5c15c20d4042ba14021482abf3ae887f1491170e04de8cbc1da74bf70311576e
  artifact://fetch-web@1:
    version: 1
    sha256: a779a047f9ef33b0026817b172b4f0d5eed59694ab422bf69ecd8b0a90406a8d
  artifact://research-method@2:
    version: 2
    sha256: d6cde85fd8b984ac947599e6ca1e417bc1d3a7f5266f8ca4b191074e789919df
judges: {}
mcp:
  artifact://fetch-web@1:
    fetch: ccf108c2895e365b58df3e083b0785ce492eb987a0ca1f44c710ee1056927b4f
