# Generated by `tuvl lock`. Commit it; do not edit. `tuvl lock --check` verifies it.
lock: 1
tuvl: 1.0.1
models:
  default: gemini/gemini-3.1-flash-lite
decision_models:
  triage-classifier:
    provider: litellm
    model: gemini/gemini-3.1-flash-lite
artifacts:
  artifact://investigator-steering@2:
    version: 2
    sha256: 22c7dd2c4c10699ab505561568d87c39b77d9494f2a624410763f1ae561c314f
  artifact://no-secrets@1:
    version: 1
    sha256: b06252e1972d67d53325b9cace0534dc5d5fb5f5b16eed2d8522ea06814864f5
  artifact://triage-prompt@1:
    version: 1
    sha256: b8b24d9c884ee85cfe2f83c18a043ea75dd991c2076c2f3d73b9c519ddb68469
judges: {}
mcp: {}
